{
  "lockfileVersion": 1,
  "configVersion": 1,
  "workspaces": {
    "": {
      "name": "image-generator-oaic-server",
      "dependencies": {
        "@capakit/sdk": "0.0.6-dev.20260603120812.cd880dfb",
        "openai": "^6.41.0",
      },
      "devDependencies": {
        "@types/node": "25.9.1",
        "typescript": "6.0.3",
      },
    },
  },
  "packages": {
    "@capakit/sdk": ["@capakit/sdk@0.0.6-dev.20260603120812.cd880dfb", "", { "peerDependencies": { "@a2a-js/sdk": "^0.3.13", "@anthropic-ai/sdk": "^0.100.1", "@google/genai": "^2.7.0", "@modelcontextprotocol/sdk": "^1.29.0", "openai": "^6.41.0", "ws": "^8.21.0" }, "optionalPeers": ["@a2a-js/sdk", "@anthropic-ai/sdk", "@google/genai", "@modelcontextprotocol/sdk", "openai", "ws"] }, "sha512-YcNuSZNLccEXv2j4X7Cfeq0Ce9S4D15ijPdcHABIGDNPRcGqUbkKDXJ4cFbF8CBJNXypzF0+KZmSF/ED36NGEQ=="],

    "@types/node": ["@types/node@25.9.1", "", { "dependencies": { "undici-types": ">=7.24.0 <7.24.7" } }, "sha512-xfrlY7UD5rMJk3ZVJP8BNzS28J36YJg+xp+LPXV1TdWxr8uMH5A860QNxYDGQe/ylDSgjxE52Q9VnO7p75tJxg=="],

    "openai": ["openai@6.41.0", "", { "peerDependencies": { "ws": "^8.18.0", "zod": "^3.25 || ^4.0" }, "optionalPeers": ["ws", "zod"] }, "sha512-IGWPopZq6Rjoynjfb3NSLf/z2MTw7UiOsm9TAjPGAjUESH7Uq41Trg4QWehBEn58p74i+m7uoRPV2vXcpPXhyA=="],

    "typescript": ["typescript@6.0.3", "", { "bin": { "tsc": "bin/tsc", "tsserver": "bin/tsserver" } }, "sha512-y2TvuxSZPDyQakkFRPZHKFm+KKVqIisdg9/CZwm9ftvKXLP8NRWj38/ODjNbr43SsoXqNuAisEf1GdCxqWcdBw=="],

    "undici-types": ["undici-types@7.24.6", "", {}, "sha512-WRNW+sJgj5OBN4/0JpHFqtqzhpbnV0GuB+OozA9gCL7a993SmU+1JBZCzLNxYsbMfIeDL+lTsphD5jN5N+n0zg=="],
  }
}
